
Microsoft Visual Studio Solution File, Format Version 12.00
# Visual Studio Version 17
VisualStudioVersion = 17.4.33403.182
MinimumVisualStudioVersion = 10.0.40219.1
Project("{FAE04EC0-301F-11D3-BF4B-00C04F79EFBC}") = "MarketProducts", "MarketProducts.csproj", "{7909CB86-A15A-4B5A-8490-F44020E4A098}"
EndProject
Project("{FAE04EC0-301F-11D3-BF4B-00C04F79EFBC}") = "MarketProducts.Data", "..\MarketProducts.Data\MarketProducts.Data.csproj", "{C067D127-4FCE-4750-AF7A-17294A00632D}"
EndProject
Project("{FAE04EC0-301F-11D3-BF4B-00C04F79EFBC}") = "MarketProducts.Domain", "..\MarketProducts.Domain\MarketProducts.Domain.csproj", "{2520D89C-34F1-486C-AA26-0D9F7C69AAB0}"
EndProject
Project("{FAE04EC0-301F-11D3-BF4B-00C04F79EFBC}") = "MarketProducts.Service", "..\MarketProducts.Service\MarketProducts.Service.csproj", "{F0183812-9F3F-40F2-A61F-3AAC25DAA5E8}"
EndProject
Global
	GlobalSection(SolutionConfigurationPlatforms) = preSolution
		Debug|Any CPU = Debug|Any CPU
		Release|Any CPU = Release|Any CPU
	EndGlobalSection
	GlobalSection(ProjectConfigurationPlatforms) = postSolution
		{7909CB86-A15A-4B5A-8490-F44020E4A098}.Debug|Any CPU.ActiveCfg = Debug|Any CPU
		{7909CB86-A15A-4B5A-8490-F44020E4A098}.Debug|Any CPU.Build.0 = Debug|Any CPU
		{7909CB86-A15A-4B5A-8490-F44020E4A098}.Release|Any CPU.ActiveCfg = Release|Any CPU
		{7909CB86-A15A-4B5A-8490-F44020E4A098}.Release|Any CPU.Build.0 = Release|Any CPU
		{C067D127-4FCE-4750-AF7A-17294A00632D}.Debug|Any CPU.ActiveCfg = Debug|Any CPU
		{C067D127-4FCE-4750-AF7A-17294A00632D}.Debug|Any CPU.Build.0 = Debug|Any CPU
		{C067D127-4FCE-4750-AF7A-17294A00632D}.Release|Any CPU.ActiveCfg = Release|Any CPU
		{C067D127-4FCE-4750-AF7A-17294A00632D}.Release|Any CPU.Build.0 = Release|Any CPU
		{2520D89C-34F1-486C-AA26-0D9F7C69AAB0}.Debug|Any CPU.ActiveCfg = Debug|Any CPU
		{2520D89C-34F1-486C-AA26-0D9F7C69AAB0}.Debug|Any CPU.Build.0 = Debug|Any CPU
		{2520D89C-34F1-486C-AA26-0D9F7C69AAB0}.Release|Any CPU.ActiveCfg = Release|Any CPU
		{2520D89C-34F1-486C-AA26-0D9F7C69AAB0}.Release|Any CPU.Build.0 = Release|Any CPU
		{F0183812-9F3F-40F2-A61F-3AAC25DAA5E8}.Debug|Any CPU.ActiveCfg = Debug|Any CPU
		{F0183812-9F3F-40F2-A61F-3AAC25DAA5E8}.Debug|Any CPU.Build.0 = Debug|Any CPU
		{F0183812-9F3F-40F2-A61F-3AAC25DAA5E8}.Release|Any CPU.ActiveCfg = Release|Any CPU
		{F0183812-9F3F-40F2-A61F-3AAC25DAA5E8}.Release|Any CPU.Build.0 = Release|Any CPU
	EndGlobalSection
	GlobalSection(SolutionProperties) = preSolution
		HideSolutionNode = FALSE
	EndGlobalSection
	GlobalSection(ExtensibilityGlobals) = postSolution
		SolutionGuid = {05FA7B57-C45A-4FE0-BD6D-C3A7428BF91E}
	EndGlobalSection
EndGlobal
